version = 1
revision = 3
requires-python = ">=3.11"

[[package]]
name = "colorama"
version = "0.4.6"
source = { registry = "https://pypi.org/simple" }
sdist = { url = "https://files.pythonhosted.org/packages/d8/53/6f443c9a4a8358a93a6792e2acffb9d9d5cb0a5cfd8802644b7b1c9a02e4/colorama-0.4.6.tar.gz", hash = "sha256:08695f5cb7ed6e0531a20572697297273c47b8cae5a63ffc6d6ed5c201be6e44", size = 27697, upload-time = "2022-10-25T02:36:22.414Z" }
wheels = [
    { url = "https://files.pythonhosted.org/packages/d1/d6/3965ed04c63042e047cb6a3e6ed1a63a35087b6a609aa3a15ed8ac56c221/colorama-0.4.6-py2.py3-none-any.whl", hash = "sha256:4f1d9991f5acc0ca119f9d443620b77f9d6b33703e51011c16baf57afb285fc6", size = 25335, upload-time = "2022-10-25T02:36:20.889Z" },
]

[[package]]
name = "iniconfig"
version = "2.3.0"
source = { registry = "https://pypi.org/simple" }
sdist = { url = "https://files.pythonhosted.org/packages/72/34/14ca021ce8e5dfedc35312d08ba8bf51fdd999c576889fc2c24cb97f4f10/iniconfig-2.3.0.tar.gz", hash = "sha256:c76315c77db068650d49c5b56314774a7804df16fee4402c1f19d6d15d8c4730", size = 20503, upload-time = "2025-10-18T21:55:43.219Z" }
wheels = [
    { url = "https://files.pythonhosted.org/packages/cb/b1/3846dd7f199d53cb17f49cba7e651e9ce294d8497c8c150530ed11865bb8/iniconfig-2.3.0-py3-none-any.whl", hash = "sha256:f631c04d2c48c52b84d0d0549c99ff3859c98df65b3101406327ecc7d53fbf12", size = 7484, upload-time = "2025-10-18T21:55:41.639Z" },
]

[[package]]
name = "markdown-it-py"
version = "4.2.0"
source = { registry = "https://pypi.org/simple" }
dependencies = [
    { name = "mdurl" },
]
sdist = { url = "https://files.pythonhosted.org/packages/06/ff/7841249c247aa650a76b9ee4bbaeae59370dc8bfd2f6c01f3630c35eb134/markdown_it_py-4.2.0.tar.gz", hash = "sha256:04a21681d6fbb623de53f6f364d352309d4094dd4194040a10fd51833e418d49", size = 82454, upload-time = "2026-05-07T12:08:28.36Z" }
wheels = [
    { url = "https://files.pythonhosted.org/packages/b3/81/4da04ced5a082363ecfa159c010d200ecbd959ae410c10c0264a38cac0f5/markdown_it_py-4.2.0-py3-none-any.whl", hash = "sha256:9f7ebbcd14fe59494226453aed97c1070d83f8d24b6fc3a3bcf9a38092641c4a", size = 91687, upload-time = "2026-05-07T12:08:27.182Z" },
]

[[package]]
name = "mdurl"
version = "0.1.2"
source = { registry = "https://pypi.org/simple" }
sdist = { url = "https://files.pythonhosted.org/packages/d6/54/cfe61301667036ec958cb99bd3efefba235e65cdeb9c84d24a8293ba1d90/mdurl-0.1.2.tar.gz", hash = "sha256:bb413d29f5eea38f31dd4754dd7377d4465116fb207585f97bf925588687c1ba", size = 8729, upload-time = "2022-08-14T12:40:10.846Z" }
wheels = [
    { url = "https://files.pythonhosted.org/packages/b3/38/89ba8ad64ae25be8de66a6d463314cf1eb366222074cfda9ee839c56a4b4/mdurl-0.1.2-py3-none-any.whl", hash = "sha256:84008a41e51615a49fc9966191ff91509e3c40b939176e643fd50a5c2196b8f8", size = 9979, upload-time = "2022-08-14T12:40:09.779Z" },
]

[[package]]
name = "packaging"
version = "26.2"
source = { registry = "https://pypi.org/simple" }
sdist = { url = "https://files.pythonhosted.org/packages/d7/f1/e7a6dd94a8d4a5626c03e4e99c87f241ba9e350cd9e6d75123f992427270/packaging-26.2.tar.gz", hash = "sha256:ff452ff5a3e828ce110190feff1178bb1f2ea2281fa2075aadb987c2fb221661", size = 228134, upload-time = "2026-04-24T20:15:23.917Z" }
wheels = [
    { url = "https://files.pythonhosted.org/packages/df/b2/87e62e8c3e2f4b32e5fe99e0b86d576da1312593b39f47d8ceef365e95ed/packaging-26.2-py3-none-any.whl", hash = "sha256:5fc45236b9446107ff2415ce77c807cee2862cb6fac22b8a73826d0693b0980e", size = 100195, upload-time = "2026-04-24T20:15:22.081Z" },
]

[[package]]
name = "pluggy"
version = "1.6.0"
source = { registry = "https://pypi.org/simple" }
sdist = { url = "https://files.pythonhosted.org/packages/f9/e2/3e91f31a7d2b083fe6ef3fa267035b518369d9511ffab804f839851d2779/pluggy-1.6.0.tar.gz", hash = "sha256:7dcc130b76258d33b90f61b658791dede3486c3e6bfb003ee5c9bfb396dd22f3", size = 69412, upload-time = "2025-05-15T12:30:07.975Z" }
wheels = [
    { url = "https://files.pythonhosted.org/packages/54/20/4d324d65cc6d9205fabedc306948156824eb9f0ee1633355a8f7ec5c66bf/pluggy-1.6.0-py3-none-any.whl", hash = "sha256:e920276dd6813095e9377c0bc5566d94c932c33b27a3e3945d8389c374dd4746", size = 20538, upload-time = "2025-05-15T12:30:06.134Z" },
]

[[package]]
name = "polars"
version = "1.41.2"
source = { registry = "https://pypi.org/simple" }
dependencies = [
    { name = "polars-runtime-32" },
]
sdist = { url = "https://files.pythonhosted.org/packages/ff/f9/aeda46259b0669247a160315d2d51269de9504b9dd2f70acadbcb22f46b7/polars-1.41.2.tar.gz", hash = "sha256:256d6731162371b77f3f29a55eacb8c0fc740ddb1a293a01d2ef5b5393c5c708", size = 737996, upload-time = "2026-05-29T17:39:15.604Z" }
wheels = [
    { url = "https://files.pythonhosted.org/packages/1f/22/28f62d24f7db56ac4343588f9362d49b7b4177e55ac47a466fe696b0099b/polars-1.41.2-py3-none-any.whl", hash = "sha256:23ce9a2910b6e3e8d4258770bf44aa17170958df7af6e85feedf4458a04d8d29", size = 833445, upload-time = "2026-05-29T17:37:05.576Z" },
]

[[package]]
name = "polars-runtime-32"
version = "1.41.2"
source = { registry = "https://pypi.org/simple" }
sdist = { url = "https://files.pythonhosted.org/packages/f9/56/54e3ea0e9b64f327179049e4742241cc6b1d3e8fa414b05a057dd26df367/polars_runtime_32-1.41.2.tar.gz", hash = "sha256:7af09ec1ab053da2c9669e8d15f809a4083a29be05db57111688b8051062af56", size = 2989474, upload-time = "2026-05-29T17:39:17.257Z" }
wheels = [
    { url = "https://files.pythonhosted.org/packages/d6/9b/fe72a3811c0357cdb06c67bdc7695fa1623ad47948fc523195f5ac31037f/polars_runtime_32-1.41.2-cp310-abi3-macosx_10_12_x86_64.whl", hash = "sha256:95a08346dac337357cdb825c8076df7d36da54c4caa59a5cb41d0a30691c5edd", size = 52265283, upload-time = "2026-05-29T17:37:09.407Z" },
    { url = "https://files.pythonhosted.org/packages/0a/93/fab9da803fd80d9e83ef88c20932f637a10bc611b20415fc322eec84bc44/polars_runtime_32-1.41.2-cp310-abi3-macosx_11_0_arm64.whl", hash = "sha256:dedfaeec2c7f995298da7319dd9431d662e5dd1d0ec51b1459df4a0234ceff52", size = 46571222, upload-time = "2026-05-29T17:37:13.698Z" },
    { url = "https://files.pythonhosted.org/packages/c8/2a/8843f34a8ac57acd058a39b87b03b580dd352a490e9dae0415e02033bdd4/polars_runtime_32-1.41.2-cp310-abi3-manylinux_2_17_aarch64.manylinux2014_aarch64.whl", hash = "sha256:18eea22c5cc34e27f8a60950458ad81e6a9ea75e89363ca1367e14e7e7f781fc", size = 50409372, upload-time = "2026-05-29T17:37:17.875Z" },
    { url = "https://files.pythonhosted.org/packages/6c/c6/92b352fe88cf51bd0a19fb99e1c0cbe46aa26c14dcf7995b89869cd932ae/polars_runtime_32-1.41.2-cp310-abi3-manylinux_2_17_x86_64.manylinux2014_x86_64.whl", hash = "sha256:2630540dfdfb0f36f9b04a07c7c2e3f50bf2ad384113263c1c812007ee9141e0", size = 56405484, upload-time = "2026-05-29T17:37:22.684Z" },
    { url = "https://files.pythonhosted.org/packages/74/c4/bae3174c3b02f6b441d2e58594387abcd509f67a098f682a83b195f08966/polars_runtime_32-1.41.2-cp310-abi3-musllinux_1_2_aarch64.whl", hash = "sha256:20e969e08f9b137e233c04cc04de73d9795f89eb77d34854e40a025965a43763", size = 50603512, upload-time = "2026-05-29T17:37:27.422Z" },
    { url = "https://files.pythonhosted.org/packages/f4/ed/f2d26ae02d92c2689056838ed59e2a626326ad23c2831d58637d25f6c82a/polars_runtime_32-1.41.2-cp310-abi3-musllinux_1_2_x86_64.whl", hash = "sha256:e7016a3deb641b64a31447abbbee0f34bd020a6a9ae34ee6b743837def15e2a4", size = 54328561, upload-time = "2026-05-29T17:37:32.587Z" },
    { url = "https://files.pythonhosted.org/packages/9b/c4/9c3831cc885dc7769e59abf8f583821a5fb4403fd0e4eba0ccc6d47a3d4b/polars_runtime_32-1.41.2-cp310-abi3-win_amd64.whl", hash = "sha256:1e5e5377c315e0dcafdfb2a31adc546abbaeb3f9cb1864e6536523d2af473265", size = 51978643, upload-time = "2026-05-29T17:37:37.443Z" },
    { url = "https://files.pythonhosted.org/packages/cd/c6/79e9f3f270270d7ed5575d92b7bfef49f01abd9275447161275b23b553a8/polars_runtime_32-1.41.2-cp310-abi3-win_arm64.whl", hash = "sha256:843d96f69d18eca53429c1198e58891db7f18111f83b9c419bb45ad9d73eaed5", size = 46006901, upload-time = "2026-05-29T17:37:42.522Z" },
]

[[package]]
name = "pygments"
version = "2.20.0"
source = { registry = "https://pypi.org/simple" }
sdist = { url = "https://files.pythonhosted.org/packages/c3/b2/bc9c9196916376152d655522fdcebac55e66de6603a76a02bca1b6414f6c/pygments-2.20.0.tar.gz", hash = "sha256:6757cd03768053ff99f3039c1a36d6c0aa0b263438fcab17520b30a303a82b5f", size = 4955991, upload-time = "2026-03-29T13:29:33.898Z" }
wheels = [
    { url = "https://files.pythonhosted.org/packages/f4/7e/a72dd26f3b0f4f2bf1dd8923c85f7ceb43172af56d63c7383eb62b332364/pygments-2.20.0-py3-none-any.whl", hash = "sha256:81a9e26dd42fd28a23a2d169d86d7ac03b46e2f8b59ed4698fb4785f946d0176", size = 1231151, upload-time = "2026-03-29T13:29:30.038Z" },
]

[[package]]
name = "pytest"
version = "9.0.3"
source = { registry = "https://pypi.org/simple" }
dependencies = [
    { name = "colorama", marker = "sys_platform == 'win32'" },
    { name = "iniconfig" },
    { name = "packaging" },
    { name = "pluggy" },
    { name = "pygments" },
]
sdist = { url = "https://files.pythonhosted.org/packages/7d/0d/549bd94f1a0a402dc8cf64563a117c0f3765662e2e668477624baeec44d5/pytest-9.0.3.tar.gz", hash = "sha256:b86ada508af81d19edeb213c681b1d48246c1a91d304c6c81a427674c17eb91c", size = 1572165, upload-time = "2026-04-07T17:16:18.027Z" }
wheels = [
    { url = "https://files.pythonhosted.org/packages/d4/24/a372aaf5c9b7208e7112038812994107bc65a84cd00e0354a88c2c77a617/pytest-9.0.3-py3-none-any.whl", hash = "sha256:2c5efc453d45394fdd706ade797c0a81091eccd1d6e4bccfcd476e2b8e0ab5d9", size = 375249, upload-time = "2026-04-07T17:16:16.13Z" },
]

[[package]]
name = "rich"
version = "15.0.0"
source = { registry = "https://pypi.org/simple" }
dependencies = [
    { name = "markdown-it-py" },
    { name = "pygments" },
]
sdist = { url = "https://files.pythonhosted.org/packages/c0/8f/0722ca900cc807c13a6a0c696dacf35430f72e0ec571c4275d2371fca3e9/rich-15.0.0.tar.gz", hash = "sha256:edd07a4824c6b40189fb7ac9bc4c52536e9780fbbfbddf6f1e2502c31b068c36", size = 230680, upload-time = "2026-04-12T08:24:00.75Z" }
wheels = [
    { url = "https://files.pythonhosted.org/packages/82/3b/64d4899d73f91ba49a8c18a8ff3f0ea8f1c1d75481760df8c68ef5235bf5/rich-15.0.0-py3-none-any.whl", hash = "sha256:33bd4ef74232fb73fe9279a257718407f169c09b78a87ad3d296f548e27de0bb", size = 310654, upload-time = "2026-04-12T08:24:02.83Z" },
]

[[package]]
name = "ruff"
version = "0.15.15"
source = { registry = "https://pypi.org/simple" }
sdist = { url = "https://files.pythonhosted.org/packages/84/6f/a76f7d96e5c962f5b69cee865e49c15c1116897c01990faa8a57edb62e7f/ruff-0.15.15.tar.gz", hash = "sha256:b8dff018130b46d8e5bf0f926ef6b60cf871d6d5ae45fc9334e09632daa741d6", size = 4706985, upload-time = "2026-05-28T14:16:57.784Z" }
wheels = [
    { url = "https://files.pythonhosted.org/packages/fa/9d/3a45c05b8ab04b4705989de70a79008e27c8003296a0feaee9edc18dd7e9/ruff-0.15.15-py3-none-linux_armv6l.whl", hash = "sha256:cf93e5388f412e1b108b1f8b34a6e036b70fe8aff89393befad96fe48670311b", size = 10710652, upload-time = "2026-05-28T14:16:06.701Z" },
    { url = "https://files.pythonhosted.org/packages/05/66/da974431624bf3b49f6ee1f9543c02d929ff1cba78b0d5a79c38cf21f744/ruff-0.15.15-py3-none-macosx_10_12_x86_64.whl", hash = "sha256:ac5a646d1f6a7dadd5d50842dae2c1f9862ac887ef5d1b1375e02def791fde6e", size = 11096615, upload-time = "2026-05-28T14:16:23.313Z" },
    { url = "https://files.pythonhosted.org/packages/8c/09/7443452e5d290230a712103f2fdceeef7184f3ec99a2bd01c8be78aaceb5/ruff-0.15.15-py3-none-macosx_11_0_arm64.whl", hash = "sha256:77d955a431430c66f72dd94e379ad38a16daea3d25094872ac4edf9e797be530", size = 10436683, upload-time = "2026-05-28T14:16:40.974Z" },
    { url = "https://files.pythonhosted.org/packages/53/01/d330c26a57fa4f3943a14424904027428315b700fe4d14a84bb123a649e5/ruff-0.15.15-py3-none-manylinux_2_17_aarch64.manylinux2014_aarch64.whl", hash = "sha256:7614ee79c69788cf6cedd568069ade9cecc22a1ad20494efe8d0c9ebb4b622d4", size = 10769064, upload-time = "2026-05-28T14:16:28.905Z" },
    { url = "https://files.pythonhosted.org/packages/1d/85/cc8770f8bdff541b1da8392d1634141fe4a0e3f4ee596605959b7906c27f/ruff-0.15.15-py3-none-manylinux_2_17_armv7l.manylinux2014_armv7l.whl", hash = "sha256:3cdb1679e06a1f6b47bc384714ae96f6e2fb65ca441eb78c43d2ca554176ce1f", size = 10511987, upload-time = "2026-05-28T14:16:43.732Z" },
    { url = "https://files.pythonhosted.org/packages/7c/29/8c190c1472b63013583ba391f3342036e02010544c1270455ed8e519bdf3/ruff-0.15.15-py3-none-manylinux_2_17_i686.manylinux2014_i686.whl", hash = "sha256:2728b93d7b23a603ea2c0ac6eb73d760bd38ec9de35f35fb41e18f7a3fee7622", size = 11275100, upload-time = "2026-05-28T14:16:55.244Z" },
    { url = "https://files.pythonhosted.org/packages/9f/6b/7e145ce2cc8e63d6834eca03d83a0e18d121def5c69f91b4cf4011ed4879/ruff-0.15.15-py3-none-manylinux_2_17_ppc64le.manylinux2014_ppc64le.whl", hash = "sha256:be582fcc0db438902c7792b08d6ddf6c9b9e21addaa10092c2c741cfb09e5a45", size = 12176903, upload-time = "2026-05-28T14:16:14.368Z" },
    { url = "https://files.pythonhosted.org/packages/80/a3/d5974637f68e451f7fadf015cf3101d1cd7d8ba5027cffe0b9e3826ebe6b/ruff-0.15.15-py3-none-manylinux_2_17_s390x.manylinux2014_s390x.whl", hash = "sha256:7aa77465b8ecaf1a27bea098d696f7fed5e1eccbd10b321b682d6de586ae5627", size = 11404550, upload-time = "2026-05-28T14:16:20.138Z" },
    { url = "https://files.pythonhosted.org/packages/fe/1c/e6e5e568f22be4fb05d6244234aba384c06b451252453b821e1a529263cf/ruff-0.15.15-py3-none-manylinux_2_17_x86_64.manylinux2014_x86_64.whl", hash = "sha256:48decfa11d740de4889de623be1463308346312f2409a56e24aa280c86162dc4", size = 11382027, upload-time = "2026-05-28T14:16:46.615Z" },
    { url = "https://files.pythonhosted.org/packages/1d/01/170921b49fcd2e8858825593f91cf7146c3e40a5c3e6df763e4bb0484dde/ruff-0.15.15-py3-none-manylinux_2_31_riscv64.whl", hash = "sha256:a5015088452ca0081387063649ec67f06d3d1d6b8b936a1f836b5e9657ecd48c", size = 11366041, upload-time = "2026-05-28T14:16:26.247Z" },
    { url = "https://files.pythonhosted.org/packages/87/54/a7bad711d7de93254e15e06a4c375b89a03d18de45d3e5dcc86a4472fb1a/ruff-0.15.15-py3-none-musllinux_1_2_aarch64.whl", hash = "sha256:f5294aab6356c81600fcdea3a62bb1b924dfd5e91767c12318d3f68f86af57cd", size = 10741795, upload-time = "2026-05-28T14:16:17.11Z" },
    { url = "https://files.pythonhosted.org/packages/c9/31/38c075963668f8b41c6914ee0f6f318727fbe30ab9145cb29e6df464c5fa/ruff-0.15.15-py3-none-musllinux_1_2_armv7l.whl", hash = "sha256:db5bd4d802415cca656dc1616070b725952d6ae95eb5d4831e49fbd94a38f75f", size = 10511117, upload-time = "2026-05-28T14:16:31.767Z" },
    { url = "https://files.pythonhosted.org/packages/9d/96/6ff689e1f7e375d1d97075eca022f74c2bab59554a432fe4d2e6f091986a/ruff-0.15.15-py3-none-musllinux_1_2_i686.whl", hash = "sha256:587a6278ed42059191c1a466e490bd7930fb50bd2e255398bc29616c895a61cb", size = 10994867, upload-time = "2026-05-28T14:16:35.149Z" },
    { url = "https://files.pythonhosted.org/packages/c3/c2/5dce0ab9f92a8d534fa62b9bf9caca3eddb8c1a81b616f5e195ada4f0d6e/ruff-0.15.15-py3-none-musllinux_1_2_x86_64.whl", hash = "sha256:df0c1c084f5f4be9812f61518a45c440d3c30d69ce4bf6c5270e66d38338f02a", size = 11482101, upload-time = "2026-05-28T14:16:49.598Z" },
    { url = "https://files.pythonhosted.org/packages/b1/c0/1003b60edd697c649faf61f1a34094b1abb38fb3d1181e3f895781250a08/ruff-0.15.15-py3-none-win32.whl", hash = "sha256:29428ea79694afbe756d45fd59b36f22b6b020dc0443cf7de0173046236964b9", size = 10716774, upload-time = "2026-05-28T14:16:52.337Z" },
    { url = "https://files.pythonhosted.org/packages/02/a8/1269eddd6945a06c23f055ef7848886e37cf9d6a8bebb386a3115f01470c/ruff-0.15.15-py3-none-win_amd64.whl", hash = "sha256:8df0323902e15e24bc4bf246da830573d3cf3352bd0b9a164eab335d111ff4a4", size = 11868463, upload-time = "2026-05-28T14:16:11.333Z" },
    { url = "https://files.pythonhosted.org/packages/4e/b2/920464c907b191e37469d477a1aa8bc048b8f36c4c1610dfa4ab87b39e18/ruff-0.15.15-py3-none-win_arm64.whl", hash = "sha256:3c8ceca6792f38196b8f589bc92eccd03eef286602da92e5dc05cc42ef6441b7", size = 11138498, upload-time = "2026-05-28T14:16:38.425Z" },
]

[[package]]
name = "uv"
version = "0.11.17"
source = { registry = "https://pypi.org/simple" }
sdist = { url = "https://files.pythonhosted.org/packages/2c/8e/ec34c19d0f254fcbcc5c1ce8c7f06e47e0f69a7e1a0269c1d59cb0b0f279/uv-0.11.17.tar.gz", hash = "sha256:1d1be74deec997db1dda05a7e67541c904d65cbfd72e455d3c0a2a1e4bf2cddf", size = 4203607, upload-time = "2026-05-28T20:39:47.707Z" }
wheels = [
    { url = "https://files.pythonhosted.org/packages/15/2e/e6d42f9d39009eee976f1e5dfd31d3d1943e6e593ad7b191cf11e9744a36/uv-0.11.17-py3-none-linux_armv6l.whl", hash = "sha256:8426bfe315564d414cbc5ba5467595dc6348965e19acec742914f47da3ff269f", size = 23551216, upload-time = "2026-05-28T20:39:05.395Z" },
    { url = "https://files.pythonhosted.org/packages/d0/ee/d72bcc60f3585653a4b768425854d737d98d65c1765547d25c2999547ea9/uv-0.11.17-py3-none-macosx_10_12_x86_64.whl", hash = "sha256:6d1a033cc68cabb4141d6c1e3b66ffc6e970b98ba42e210f33270251e0bd8697", size = 22997377, upload-time = "2026-05-28T20:39:25.21Z" },
    { url = "https://files.pythonhosted.org/packages/58/34/1bc69798d9ae998fbc42c61b02883f2ba00d04bdd858e589604d01846287/uv-0.11.17-py3-none-macosx_11_0_arm64.whl", hash = "sha256:58c07ffc272c847d29cd98ca5082fa4304a645f87c718ec900e3cca9026bd096", size = 21630197, upload-time = "2026-05-28T20:39:28.935Z" },
    { url = "https://files.pythonhosted.org/packages/6b/93/1be48ec6a8933d9a77d0ce5240ed63f68869f68517ccf5d62268ed03f3e8/uv-0.11.17-py3-none-manylinux_2_17_aarch64.manylinux2014_aarch64.musllinux_1_1_aarch64.whl", hash = "sha256:036d6e2940afe8b79637530b01b9241d8cfd174b07f1179a1ebbd42409c38ca3", size = 23414940, upload-time = "2026-05-28T20:39:55.015Z" },
    { url = "https://files.pythonhosted.org/packages/00/31/b7488ff49d80090ea9d05d67a4d381a1b4479502e9853e654caa1c1c678e/uv-0.11.17-py3-none-manylinux_2_17_armv7l.manylinux2014_armv7l.musllinux_1_1_armv7l.whl", hash = "sha256:283186700c3e65a4644a73a917232da7d3e4a94d25ea0377a44f5b263fa49577", size = 23096330, upload-time = "2026-05-28T20:39:01.284Z" },
    { url = "https://files.pythonhosted.org/packages/fe/95/42b6137c5de06278d229c7eef2f314df2a738cd799795bbb44dace21bd6e/uv-0.11.17-py3-none-manylinux_2_17_armv7l.manylinux2014_armv7l.whl", hash = "sha256:f2e44dfbfc7778d0d90edc6738f237c91e5e37e4e3cfe94c8a312cec56a41485", size = 23101906, upload-time = "2026-05-28T20:39:17.149Z" },
    { url = "https://files.pythonhosted.org/packages/17/7c/0ca03b2d19965db6d5dfe0c8cf96a3d0b424503c8cbc3cd2ffdc5869a15d/uv-0.11.17-py3-none-manylinux_2_17_i686.manylinux2014_i686.whl", hash = "sha256:1a817eeb3026f27a53d3f4b7855a5105f6787dd192140e201eda4d2b9a11b72e", size = 24444409, upload-time = "2026-05-28T20:39:59.218Z" },
    { url = "https://files.pythonhosted.org/packages/b5/fb/179f55a3b19d47c30ec1f41b9b964da74dfa7053ff310a70a9c4d8cb998d/uv-0.11.17-py3-none-manylinux_2_17_ppc64le.manylinux2014_ppc64le.whl", hash = "sha256:bf8f5ad959583dcd2c4ae445c754a97c05700246ff89259f3fd285c9c20f4c00", size = 25540153, upload-time = "2026-05-28T20:39:09.535Z" },
    { url = "https://files.pythonhosted.org/packages/f7/29/592f42012765c43ae45c112110e214bca7b0cfc08c4c1b52e1dfa47dedd5/uv-0.11.17-py3-none-manylinux_2_17_s390x.manylinux2014_s390x.whl", hash = "sha256:ce16892a45134d20165c1ceababe06f3e9ce6a58902db1eff812c8c93626823f", size = 24665906, upload-time = "2026-05-28T20:39:41.254Z" },
    { url = "https://files.pythonhosted.org/packages/0e/51/b75808766f895248553c6370968509cd4f726e6943e310a8f7a171036ad0/uv-0.11.17-py3-none-manylinux_2_17_x86_64.manylinux2014_x86_64.whl", hash = "sha256:9da839e5a491c9a701d7d327a199cafc76ac27a03ac84fd2a8d4bf32c3af2448", size = 24863325, upload-time = "2026-05-28T20:39:51.006Z" },
    { url = "https://files.pythonhosted.org/packages/ee/6a/6f27ee69e97f480104bb8ec335f04c2a12add98edfcc4844a68e9538b6e2/uv-0.11.17-py3-none-manylinux_2_28_aarch64.whl", hash = "sha256:ec004b3c9bf9cb7756067ad1bd0bf64eb843e6fa2edbfbb3135ee152c14cea91", size = 23521674, upload-time = "2026-05-28T20:38:55.869Z" },
    { url = "https://files.pythonhosted.org/packages/df/11/1344aca7c710f794750f74de0e552a54ab24193ecc01fa3b3ae22ff822a1/uv-0.11.17-py3-none-manylinux_2_31_riscv64.musllinux_1_1_riscv64.whl", hash = "sha256:659227cac719b618cc91e02be9e274ad5bd72d74fa278123e6373537e9f28216", size = 24224725, upload-time = "2026-05-28T20:39:32.945Z" },
    { url = "https://files.pythonhosted.org/packages/ad/44/7b11550c1453ea13b81e549c83523e6ab6ed3231d09b2fd6b9eb19acceaf/uv-0.11.17-py3-none-manylinux_2_31_riscv64.whl", hash = "sha256:e301d844eed9401f0f0351de12c55f1306ca05372acb0f28d35717c8ba663a22", size = 24301643, upload-time = "2026-05-28T20:39:45.183Z" },
    { url = "https://files.pythonhosted.org/packages/1a/36/8f683bc60547b8f93d0e752a8574d13fad776999cb978482b360c053ca22/uv-0.11.17-py3-none-musllinux_1_1_i686.whl", hash = "sha256:f0bf483c0d9fa14283992d56061b498b9d3d4adebd285af8744dc33f64dadfba", size = 23786049, upload-time = "2026-05-28T20:39:20.999Z" },
    { url = "https://files.pythonhosted.org/packages/10/dc/7a495db39c2970de4fa375c337dbd617b16780911f88f0511f8fe7f6747c/uv-0.11.17-py3-none-musllinux_1_1_x86_64.whl", hash = "sha256:2ccd5487a4a192bc832ea04c867a26883757db8fdfe88bed85d8129c82f9e505", size = 25049786, upload-time = "2026-05-28T20:40:03.292Z" },
    { url = "https://files.pythonhosted.org/packages/37/dd/74eff72d749eaf7e19f489878e21a368a7fef58d26ea0c63ec044ecd78b1/uv-0.11.17-py3-none-win32.whl", hash = "sha256:12b701fa32c5be3691759a73956e4462f30fa7b0dfa52ec66cb305bbb6ea4129", size = 22479213, upload-time = "2026-05-28T20:39:13.316Z" },
    { url = "https://files.pythonhosted.org/packages/79/99/8af4a92b99a8a4823297c26df727fe957267e03e1196e3caa803c3f6ccb2/uv-0.11.17-py3-none-win_amd64.whl", hash = "sha256:44ec1fe3af839f87370dcf0400c0cab917cc1ce697d563e860fc7d9ed72655e7", size = 25083161, upload-time = "2026-05-28T20:40:07.931Z" },
    { url = "https://files.pythonhosted.org/packages/00/76/a689077832d585d29d87f9cd0d65eca1af58abd29a4eab004d0a8a858b9c/uv-0.11.17-py3-none-win_arm64.whl", hash = "sha256:37c915bfcf86f99c1c5be7c9ed21e0d80624067ba47bc8916a3cb0530bc94d27", size = 23544936, upload-time = "2026-05-28T20:39:37.137Z" },
]

[[package]]
name = "vyupgrade"
version = "0.3.1"
source = { editable = "." }
dependencies = [
    { name = "packaging" },
    { name = "rich" },
    { name = "uv" },
]

[package.dev-dependencies]
dev = [
    { name = "polars" },
    { name = "pytest" },
    { name = "ruff" },
]

[package.metadata]
requires-dist = [
    { name = "packaging", specifier = ">=24.0" },
    { name = "rich", specifier = ">=13.0.0" },
    { name = "uv", specifier = ">=0.8.0" },
]

[package.metadata.requires-dev]
dev = [
    { name = "polars", specifier = ">=1.30" },
    { name = "pytest", specifier = ">=8" },
    { name = "ruff", specifier = ">=0.13.0" },
]
